{
  "name": "node-red-contrib-telnet-client",
  "version": "1.0.0",
  "lockfileVersion": 1,
  "requires": true,
  "dependencies": {
    "math": {
      "version": "0.0.3",
      "resolved": "https://registry.npmjs.org/math/-/math-0.0.3.tgz",
      "integrity": "sha1-hbAg/VTOELJqvqv81+H0vbxGRw8="
    },
    "net": {
      "version": "1.0.2",
      "resolved": "https://registry.npmjs.org/net/-/net-1.0.2.tgz",
      "integrity": "sha1-0XV+yaf7I3HYPPR1XOPifhCCk4g="
    },
    "node-fetch": {
      "version": "2.6.0",
      "resolved": "https://registry.npmjs.org/node-fetch/-/node-fetch-2.6.0.tgz",
      "integrity": "sha512-8dG4H5ujfvFiqDmVu9fQ5bOHUC15JMjMY/Zumv26oOvvVJjM67KF8koCWIabKQ1GJIa9r2mMZscBq/TbdOcmNA=="
    },
    "openpromise": {
      "version": "2.2.2",
      "resolved": "https://registry.npmjs.org/openpromise/-/openpromise-2.2.2.tgz",
      "integrity": "sha512-YGB0WMFYe4xQYGNd/pmml2YiXRZW05Z1xwiF5viQlZhyo1Nt8iDlFqHLiJY8JnQtzXId+bY9hRRb31XmejdQdQ=="
    },
    "telnet-engine": {
      "version": "1.2.5",
      "resolved": "https://registry.npmjs.org/telnet-engine/-/telnet-engine-1.2.5.tgz",
      "integrity": "sha512-njskvg5+sPhsp5FyuwXpnB3Xo/Pa7TCr6h8ZHhpclcUsXTjTkXdQoRhDjJOYpTK17j7g1CvYDdAr2nsKhh4U1A==",
      "requires": {
        "math": "0.0.3",
        "net": "^1.0.2",
        "openpromise": "^2.1.1"
      }
    }
  }
}
